
Microsoft Visual Studio Solution File, Format Version 12.00
# Visual Studio Version 16
VisualStudioVersion = 16.0.29806.167
MinimumVisualStudioVersion = 10.0.40219.1
Project("{FAE04EC0-301F-11D3-BF4B-00C04F79EFBC}") = "App9.Android", "App9\App9.Android\App9.Android.csproj", "{835E7FAB-CED4-4880-BCB7-0B09E7B099FE}"
EndProject
Project("{FAE04EC0-301F-11D3-BF4B-00C04F79EFBC}") = "App9.iOS", "App9\App9.iOS\App9.iOS.csproj", "{FA3B83E9-0CE3-4882-8450-83BCEF36DEB8}"
EndProject
Project("{9A19103F-16F7-4668-BE54-9A1E7A4F7556}") = "App9", "App9\App9\App9.csproj", "{59171188-6D90-463F-875B-EC4B150907A9}"
EndProject
Project("{FAE04EC0-301F-11D3-BF4B-00C04F79EFBC}") = "XUnitTestProject1", "XUnitTestProject1\XUnitTestProject1.csproj", "{55DF0150-67D0-4E35-90BF-90E917218FDF}"
EndProject
Global
	GlobalSection(SolutionConfigurationPlatforms) = preSolution
		Debug|Any CPU = Debug|Any CPU
		Debug|iPhone = Debug|iPhone
		Debug|iPhoneSimulator = Debug|iPhoneSimulator
		Release|Any CPU = Release|Any CPU
		Release|iPhone = Release|iPhone
		Release|iPhoneSimulator = Release|iPhoneSimulator
	EndGlobalSection
	GlobalSection(ProjectConfigurationPlatforms) = postSolution
		{835E7FAB-CED4-4880-BCB7-0B09E7B099FE}.Debug|Any CPU.ActiveCfg = Debug|Any CPU
		{835E7FAB-CED4-4880-BCB7-0B09E7B099FE}.Debug|Any CPU.Build.0 = Debug|Any CPU
		{835E7FAB-CED4-4880-BCB7-0B09E7B099FE}.Debug|Any CPU.Deploy.0 = Debug|Any CPU
		{835E7FAB-CED4-4880-BCB7-0B09E7B099FE}.Debug|iPhone.ActiveCfg = Debug|Any CPU
		{835E7FAB-CED4-4880-BCB7-0B09E7B099FE}.Debug|iPhone.Build.0 = Debug|Any CPU
		{835E7FAB-CED4-4880-BCB7-0B09E7B099FE}.Debug|iPhone.Deploy.0 = Debug|Any CPU
		{835E7FAB-CED4-4880-BCB7-0B09E7B099FE}.Debug|iPhoneSimulator.ActiveCfg = Debug|Any CPU
		{835E7FAB-CED4-4880-BCB7-0B09E7B099FE}.Debug|iPhoneSimulator.Build.0 = Debug|Any CPU
		{835E7FAB-CED4-4880-BCB7-0B09E7B099FE}.Debug|iPhoneSimulator.Deploy.0 = Debug|Any CPU
		{835E7FAB-CED4-4880-BCB7-0B09E7B099FE}.Release|Any CPU.ActiveCfg = Release|Any CPU
		{835E7FAB-CED4-4880-BCB7-0B09E7B099FE}.Release|Any CPU.Build.0 = Release|Any CPU
		{835E7FAB-CED4-4880-BCB7-0B09E7B099FE}.Release|Any CPU.Deploy.0 = Release|Any CPU
		{835E7FAB-CED4-4880-BCB7-0B09E7B099FE}.Release|iPhone.ActiveCfg = Release|Any CPU
		{835E7FAB-CED4-4880-BCB7-0B09E7B099FE}.Release|iPhone.Build.0 = Release|Any CPU
		{835E7FAB-CED4-4880-BCB7-0B09E7B099FE}.Release|iPhone.Deploy.0 = Release|Any CPU
		{835E7FAB-CED4-4880-BCB7-0B09E7B099FE}.Release|iPhoneSimulator.ActiveCfg = Release|Any CPU
		{835E7FAB-CED4-4880-BCB7-0B09E7B099FE}.Release|iPhoneSimulator.Build.0 = Release|Any CPU
		{835E7FAB-CED4-4880-BCB7-0B09E7B099FE}.Release|iPhoneSimulator.Deploy.0 = Release|Any CPU
		{FA3B83E9-0CE3-4882-8450-83BCEF36DEB8}.Debug|Any CPU.ActiveCfg = Debug|iPhoneSimulator
		{FA3B83E9-0CE3-4882-8450-83BCEF36DEB8}.Debug|Any CPU.Build.0 = Debug|iPhoneSimulator
		{FA3B83E9-0CE3-4882-8450-83BCEF36DEB8}.Debug|Any CPU.Deploy.0 = Debug|iPhoneSimulator
		{FA3B83E9-0CE3-4882-8450-83BCEF36DEB8}.Debug|iPhone.ActiveCfg = Debug|iPhone
		{FA3B83E9-0CE3-4882-8450-83BCEF36DEB8}.Debug|iPhone.Build.0 = Debug|iPhone
		{FA3B83E9-0CE3-4882-8450-83BCEF36DEB8}.Debug|iPhone.Deploy.0 = Debug|iPhone
		{FA3B83E9-0CE3-4882-8450-83BCEF36DEB8}.Debug|iPhoneSimulator.ActiveCfg = Debug|iPhoneSimulator
		{FA3B83E9-0CE3-4882-8450-83BCEF36DEB8}.Debug|iPhoneSimulator.Build.0 = Debug|iPhoneSimulator
		{FA3B83E9-0CE3-4882-8450-83BCEF36DEB8}.Debug|iPhoneSimulator.Deploy.0 = Debug|iPhoneSimulator
		{FA3B83E9-0CE3-4882-8450-83BCEF36DEB8}.Release|Any CPU.ActiveCfg = Release|iPhone
		{FA3B83E9-0CE3-4882-8450-83BCEF36DEB8}.Release|Any CPU.Build.0 = Release|iPhone
		{FA3B83E9-0CE3-4882-8450-83BCEF36DEB8}.Release|Any CPU.Deploy.0 = Release|iPhone
		{FA3B83E9-0CE3-4882-8450-83BCEF36DEB8}.Release|iPhone.ActiveCfg = Release|iPhone
		{FA3B83E9-0CE3-4882-8450-83BCEF36DEB8}.Release|iPhone.Build.0 = Release|iPhone
		{FA3B83E9-0CE3-4882-8450-83BCEF36DEB8}.Release|iPhone.Deploy.0 = Release|iPhone
		{FA3B83E9-0CE3-4882-8450-83BCEF36DEB8}.Release|iPhoneSimulator.ActiveCfg = Release|iPhoneSimulator
		{FA3B83E9-0CE3-4882-8450-83BCEF36DEB8}.Release|iPhoneSimulator.Build.0 = Release|iPhoneSimulator
		{FA3B83E9-0CE3-4882-8450-83BCEF36DEB8}.Release|iPhoneSimulator.Deploy.0 = Release|iPhoneSimulator
		{59171188-6D90-463F-875B-EC4B150907A9}.Debug|Any CPU.ActiveCfg = Debug|Any CPU
		{59171188-6D90-463F-875B-EC4B150907A9}.Debug|Any CPU.Build.0 = Debug|Any CPU
		{59171188-6D90-463F-875B-EC4B150907A9}.Debug|Any CPU.Deploy.0 = Debug|Any CPU
		{59171188-6D90-463F-875B-EC4B150907A9}.Debug|iPhone.ActiveCfg = Debug|Any CPU
		{59171188-6D90-463F-875B-EC4B150907A9}.Debug|iPhone.Build.0 = Debug|Any CPU
		{59171188-6D90-463F-875B-EC4B150907A9}.Debug|iPhone.Deploy.0 = Debug|Any CPU
		{59171188-6D90-463F-875B-EC4B150907A9}.Debug|iPhoneSimulator.ActiveCfg = Debug|Any CPU
		{59171188-6D90-463F-875B-EC4B150907A9}.Debug|iPhoneSimulator.Build.0 = Debug|Any CPU
		{59171188-6D90-463F-875B-EC4B150907A9}.Debug|iPhoneSimulator.Deploy.0 = Debug|Any CPU
		{59171188-6D90-463F-875B-EC4B150907A9}.Release|Any CPU.ActiveCfg = Release|Any CPU
		{59171188-6D90-463F-875B-EC4B150907A9}.Release|Any CPU.Build.0 = Release|Any CPU
		{59171188-6D90-463F-875B-EC4B150907A9}.Release|Any CPU.Deploy.0 = Release|Any CPU
		{59171188-6D90-463F-875B-EC4B150907A9}.Release|iPhone.ActiveCfg = Release|Any CPU
		{59171188-6D90-463F-875B-EC4B150907A9}.Release|iPhone.Build.0 = Release|Any CPU
		{59171188-6D90-463F-875B-EC4B150907A9}.Release|iPhone.Deploy.0 = Release|Any CPU
		{59171188-6D90-463F-875B-EC4B150907A9}.Release|iPhoneSimulator.ActiveCfg = Release|Any CPU
		{59171188-6D90-463F-875B-EC4B150907A9}.Release|iPhoneSimulator.Build.0 = Release|Any CPU
		{59171188-6D90-463F-875B-EC4B150907A9}.Release|iPhoneSimulator.Deploy.0 = Release|Any CPU
		{55DF0150-67D0-4E35-90BF-90E917218FDF}.Debug|Any CPU.ActiveCfg = Debug|Any CPU
		{55DF0150-67D0-4E35-90BF-90E917218FDF}.Debug|Any CPU.Build.0 = Debug|Any CPU
		{55DF0150-67D0-4E35-90BF-90E917218FDF}.Debug|iPhone.ActiveCfg = Debug|Any CPU
		{55DF0150-67D0-4E35-90BF-90E917218FDF}.Debug|iPhone.Build.0 = Debug|Any CPU
		{55DF0150-67D0-4E35-90BF-90E917218FDF}.Debug|iPhoneSimulator.ActiveCfg = Debug|Any CPU
		{55DF0150-67D0-4E35-90BF-90E917218FDF}.Debug|iPhoneSimulator.Build.0 = Debug|Any CPU
		{55DF0150-67D0-4E35-90BF-90E917218FDF}.Release|Any CPU.ActiveCfg = Release|Any CPU
		{55DF0150-67D0-4E35-90BF-90E917218FDF}.Release|Any CPU.Build.0 = Release|Any CPU
		{55DF0150-67D0-4E35-90BF-90E917218FDF}.Release|iPhone.ActiveCfg = Release|Any CPU
		{55DF0150-67D0-4E35-90BF-90E917218FDF}.Release|iPhone.Build.0 = Release|Any CPU
		{55DF0150-67D0-4E35-90BF-90E917218FDF}.Release|iPhoneSimulator.ActiveCfg = Release|Any CPU
		{55DF0150-67D0-4E35-90BF-90E917218FDF}.Release|iPhoneSimulator.Build.0 = Release|Any CPU
	EndGlobalSection
	GlobalSection(SolutionProperties) = preSolution
		HideSolutionNode = FALSE
	EndGlobalSection
	GlobalSection(ExtensibilityGlobals) = postSolution
		SolutionGuid = {DE56AEED-FBE9-4972-91E2-8CE13D38AE78}
	EndGlobalSection
EndGlobal
